
Microsoft Visual Studio Solution File, Format Version 12.00
# Visual Studio Version 16
VisualStudioVersion = 16.0.32126.315
MinimumVisualStudioVersion = 10.0.40219.1
Project("{2150E333-8FDC-42A3-9474-1A3956D46DE8}") = "01-exercicio", "01-exercicio", "{C7178B40-66CE-4740-9B79-1F44A0DF7D0F}"
EndProject
Project("{FAE04EC0-301F-11D3-BF4B-00C04F79EFBC}") = "exercicio.1", "exercicio.1\exercicio.1.csproj", "{F2CE9E85-E6A8-480E-A1CF-18DA1B146434}"
EndProject
Global
	GlobalSection(SolutionConfigurationPlatforms) = preSolution
		Debug|Any CPU = Debug|Any CPU
		Release|Any CPU = Release|Any CPU
	EndGlobalSection
	GlobalSection(ProjectConfigurationPlatforms) = postSolution
		{F2CE9E85-E6A8-480E-A1CF-18DA1B146434}.Debug|Any CPU.ActiveCfg = Debug|Any CPU
		{F2CE9E85-E6A8-480E-A1CF-18DA1B146434}.Debug|Any CPU.Build.0 = Debug|Any CPU
		{F2CE9E85-E6A8-480E-A1CF-18DA1B146434}.Release|Any CPU.ActiveCfg = Release|Any CPU
		{F2CE9E85-E6A8-480E-A1CF-18DA1B146434}.Release|Any CPU.Build.0 = Release|Any CPU
	EndGlobalSection
	GlobalSection(SolutionProperties) = preSolution
		HideSolutionNode = FALSE
	EndGlobalSection
	GlobalSection(NestedProjects) = preSolution
		{F2CE9E85-E6A8-480E-A1CF-18DA1B146434} = {C7178B40-66CE-4740-9B79-1F44A0DF7D0F}
	EndGlobalSection
	GlobalSection(ExtensibilityGlobals) = postSolution
		SolutionGuid = {19D1362D-FAA1-4757-9A52-3AD499E58187}
	EndGlobalSection
EndGlobal
